
Microsoft Visual Studio Solution File, Format Version 12.00
# Visual Studio 15
VisualStudioVersion = 15.0.28307.1321
MinimumVisualStudioVersion = 10.0.40219.1
Project("{FAE04EC0-301F-11D3-BF4B-00C04F79EFBC}") = "Ex- 10 (WindowsFormsApp)", "Ex- 10 (WindowsFormsApp).csproj", "{50E92696-917F-4354-99E7-89AA598DB899}"
EndProject
Global
	GlobalSection(SolutionConfigurationPlatforms) = preSolution
		Debug|Any CPU = Debug|Any CPU
		Release|Any CPU = Release|Any CPU
	EndGlobalSection
	GlobalSection(ProjectConfigurationPlatforms) = postSolution
		{50E92696-917F-4354-99E7-89AA598DB899}.Debug|Any CPU.ActiveCfg = Debug|Any CPU
		{50E92696-917F-4354-99E7-89AA598DB899}.Debug|Any CPU.Build.0 = Debug|Any CPU
		{50E92696-917F-4354-99E7-89AA598DB899}.Release|Any CPU.ActiveCfg = Release|Any CPU
		{50E92696-917F-4354-99E7-89AA598DB899}.Release|Any CPU.Build.0 = Release|Any CPU
	EndGlobalSection
	GlobalSection(SolutionProperties) = preSolution
		HideSolutionNode = FALSE
	EndGlobalSection
	GlobalSection(ExtensibilityGlobals) = postSolution
		SolutionGuid = {2880FCFD-04CA-4C34-8585-99CA0E3BCDD9}
	EndGlobalSection
EndGlobal
