
Microsoft Visual Studio Solution File, Format Version 12.00
# Visual Studio 15
VisualStudioVersion = 15.0.28307.1622
MinimumVisualStudioVersion = 10.0.40219.1
Project("{FAE04EC0-301F-11D3-BF4B-00C04F79EFBC}") = "ex35", "ex35\ex35.csproj", "{4376FAB3-4020-4842-A85B-1E7065DED4E5}"
EndProject
Global
	GlobalSection(SolutionConfigurationPlatforms) = preSolution
		Debug|Any CPU = Debug|Any CPU
		Release|Any CPU = Release|Any CPU
	EndGlobalSection
	GlobalSection(ProjectConfigurationPlatforms) = postSolution
		{4376FAB3-4020-4842-A85B-1E7065DED4E5}.Debug|Any CPU.ActiveCfg = Debug|Any CPU
		{4376FAB3-4020-4842-A85B-1E7065DED4E5}.Debug|Any CPU.Build.0 = Debug|Any CPU
		{4376FAB3-4020-4842-A85B-1E7065DED4E5}.Release|Any CPU.ActiveCfg = Release|Any CPU
		{4376FAB3-4020-4842-A85B-1E7065DED4E5}.Release|Any CPU.Build.0 = Release|Any CPU
	EndGlobalSection
	GlobalSection(SolutionProperties) = preSolution
		HideSolutionNode = FALSE
	EndGlobalSection
	GlobalSection(ExtensibilityGlobals) = postSolution
		SolutionGuid = {F8AC0A0F-42CA-4473-B61F-A5AE15DDC33F}
	EndGlobalSection
EndGlobal
