
Microsoft Visual Studio Solution File, Format Version 12.00
# Visual Studio 15
VisualStudioVersion = 15.0.28307.1622
MinimumVisualStudioVersion = 10.0.40219.1
Project("{FAE04EC0-301F-11D3-BF4B-00C04F79EFBC}") = "Ex39", "Ex39\Ex39.csproj", "{F49EC676-671E-4A8A-9441-1EA2E6769D34}"
EndProject
Global
	GlobalSection(SolutionConfigurationPlatforms) = preSolution
		Debug|Any CPU = Debug|Any CPU
		Release|Any CPU = Release|Any CPU
	EndGlobalSection
	GlobalSection(ProjectConfigurationPlatforms) = postSolution
		{F49EC676-671E-4A8A-9441-1EA2E6769D34}.Debug|Any CPU.ActiveCfg = Debug|Any CPU
		{F49EC676-671E-4A8A-9441-1EA2E6769D34}.Debug|Any CPU.Build.0 = Debug|Any CPU
		{F49EC676-671E-4A8A-9441-1EA2E6769D34}.Release|Any CPU.ActiveCfg = Release|Any CPU
		{F49EC676-671E-4A8A-9441-1EA2E6769D34}.Release|Any CPU.Build.0 = Release|Any CPU
	EndGlobalSection
	GlobalSection(SolutionProperties) = preSolution
		HideSolutionNode = FALSE
	EndGlobalSection
	GlobalSection(ExtensibilityGlobals) = postSolution
		SolutionGuid = {02F8419D-B477-4FA3-B241-FFB97214AA1E}
	EndGlobalSection
EndGlobal
