
Microsoft Visual Studio Solution File, Format Version 12.00
# Visual Studio 15
VisualStudioVersion = 15.0.28307.1622
MinimumVisualStudioVersion = 10.0.40219.1
Project("{FAE04EC0-301F-11D3-BF4B-00C04F79EFBC}") = "Ex24", "Ex24\Ex24.csproj", "{15D89739-457E-410C-8B44-A44705AE5C84}"
EndProject
Global
	GlobalSection(SolutionConfigurationPlatforms) = preSolution
		Debug|Any CPU = Debug|Any CPU
		Release|Any CPU = Release|Any CPU
	EndGlobalSection
	GlobalSection(ProjectConfigurationPlatforms) = postSolution
		{15D89739-457E-410C-8B44-A44705AE5C84}.Debug|Any CPU.ActiveCfg = Debug|Any CPU
		{15D89739-457E-410C-8B44-A44705AE5C84}.Debug|Any CPU.Build.0 = Debug|Any CPU
		{15D89739-457E-410C-8B44-A44705AE5C84}.Release|Any CPU.ActiveCfg = Release|Any CPU
		{15D89739-457E-410C-8B44-A44705AE5C84}.Release|Any CPU.Build.0 = Release|Any CPU
	EndGlobalSection
	GlobalSection(SolutionProperties) = preSolution
		HideSolutionNode = FALSE
	EndGlobalSection
	GlobalSection(ExtensibilityGlobals) = postSolution
		SolutionGuid = {1E666159-F66F-4AF3-8BEA-F66E343EE095}
	EndGlobalSection
EndGlobal
