
Microsoft Visual Studio Solution File, Format Version 12.00
# Visual Studio 15
VisualStudioVersion = 15.0.28307.1622
MinimumVisualStudioVersion = 10.0.40219.1
Project("{FAE04EC0-301F-11D3-BF4B-00C04F79EFBC}") = "ex38", "ex38\ex38.csproj", "{60D27A4A-552C-4FD3-A345-3FA9B6909CE3}"
EndProject
Global
	GlobalSection(SolutionConfigurationPlatforms) = preSolution
		Debug|Any CPU = Debug|Any CPU
		Release|Any CPU = Release|Any CPU
	EndGlobalSection
	GlobalSection(ProjectConfigurationPlatforms) = postSolution
		{60D27A4A-552C-4FD3-A345-3FA9B6909CE3}.Debug|Any CPU.ActiveCfg = Debug|Any CPU
		{60D27A4A-552C-4FD3-A345-3FA9B6909CE3}.Debug|Any CPU.Build.0 = Debug|Any CPU
		{60D27A4A-552C-4FD3-A345-3FA9B6909CE3}.Release|Any CPU.ActiveCfg = Release|Any CPU
		{60D27A4A-552C-4FD3-A345-3FA9B6909CE3}.Release|Any CPU.Build.0 = Release|Any CPU
	EndGlobalSection
	GlobalSection(SolutionProperties) = preSolution
		HideSolutionNode = FALSE
	EndGlobalSection
	GlobalSection(ExtensibilityGlobals) = postSolution
		SolutionGuid = {42FB2629-EB43-4758-8246-82B8C9D10190}
	EndGlobalSection
EndGlobal
